
Microsoft Visual Studio Solution File, Format Version 12.00
# Visual Studio Version 17
VisualStudioVersion = 17.5.33424.131
MinimumVisualStudioVersion = 10.0.40219.1
Project("{FAE04EC0-301F-11D3-BF4B-00C04F79EFBC}") = "WebApplication46", "WebApplication46\WebApplication46.csproj", "{AD86408D-A375-4AF4-AD4A-54BC030C5926}"
EndProject
Global
	GlobalSection(SolutionConfigurationPlatforms) = preSolution
		Debug|Any CPU = Debug|Any CPU
		Release|Any CPU = Release|Any CPU
	EndGlobalSection
	GlobalSection(ProjectConfigurationPlatforms) = postSolution
		{AD86408D-A375-4AF4-AD4A-54BC030C5926}.Debug|Any CPU.ActiveCfg = Debug|Any CPU
		{AD86408D-A375-4AF4-AD4A-54BC030C5926}.Debug|Any CPU.Build.0 = Debug|Any CPU
		{AD86408D-A375-4AF4-AD4A-54BC030C5926}.Release|Any CPU.ActiveCfg = Release|Any CPU
		{AD86408D-A375-4AF4-AD4A-54BC030C5926}.Release|Any CPU.Build.0 = Release|Any CPU
	EndGlobalSection
	GlobalSection(SolutionProperties) = preSolution
		HideSolutionNode = FALSE
	EndGlobalSection
	GlobalSection(ExtensibilityGlobals) = postSolution
		SolutionGuid = {EB92CD85-0F40-42AB-B5A6-855D5BA83530}
	EndGlobalSection
EndGlobal
